<?xml version="1.0" encoding="utf-8"?>
<Project ToolsVersion="4.0" xmlns="http://schemas.microsoft.com/developer/msbuild/2003">
  <ItemGroup>
    <Filter Include="Исходные файлы">
      <UniqueIdentifier>{4FC737F1-C7A5-4376-A066-2A32D752A2FF}</UniqueIdentifier>
      <Extensions>cpp;c;cc;cxx;c++;cppm;ixx;def;odl;idl;hpj;bat;asm;asmx</Extensions>
    </Filter>
    <Filter Include="Файлы заголовков">
      <UniqueIdentifier>{93995380-89BD-4b04-88EB-625FBE52EBFB}</UniqueIdentifier>
      <Extensions>h;hh;hpp;hxx;h++;hm;inl;inc;ipp;xsd</Extensions>
    </Filter>
    <Filter Include="Файлы ресурсов">
      <UniqueIdentifier>{67DA6AB6-F800-4c08-8B7A-83BB121AAD01}</UniqueIdentifier>
      <Extensions>rc;ico;cur;bmp;dlg;rc2;rct;bin;rgs;gif;jpg;jpeg;jpe;resx;tiff;tif;png;wav;mfcribbon-ms</Extensions>
    </Filter>
    <Filter Include="Исходные файлы\GraphicClasses">
      <UniqueIdentifier>{b2256656-e94a-472f-a63c-2760a374cc6b}</UniqueIdentifier>
    </Filter>
    <Filter Include="Исходные файлы\GraphicClasses\Clock">
      <UniqueIdentifier>{e6bdf716-785f-40ee-b9e4-bca5eda849f7}</UniqueIdentifier>
    </Filter>
    <Filter Include="Файлы заголовков\GraphicClasses">
      <UniqueIdentifier>{32ffc5c5-e593-4ef4-a1f6-5aa9c576362b}</UniqueIdentifier>
    </Filter>
    <Filter Include="Файлы заголовков\GraphicClasses\Clock">
      <UniqueIdentifier>{869618d8-dc0d-48b2-9caa-3d16cfa2d089}</UniqueIdentifier>
    </Filter>
    <Filter Include="Исходные файлы\DeclarativeClasses">
      <UniqueIdentifier>{be6e1e88-bfa7-415b-8996-665089fe2582}</UniqueIdentifier>
    </Filter>
    <Filter Include="Файлы заголовков\DeclarativeClasses">
      <UniqueIdentifier>{e07bbf98-b659-4b0f-b529-2f9e7bba5f0f}</UniqueIdentifier>
    </Filter>
    <Filter Include="Исходные файлы\DeclarativeClasses\Form">
      <UniqueIdentifier>{1425e9e1-35a4-48ea-bdba-533ba508dd00}</UniqueIdentifier>
    </Filter>
    <Filter Include="Исходные файлы\DeclarativeClasses\Functions">
      <UniqueIdentifier>{d655a9ac-9c7a-497f-84f8-0449c63ffb05}</UniqueIdentifier>
    </Filter>
    <Filter Include="Исходные файлы\DeclarativeClasses\Functions\ResizeFunctions">
      <UniqueIdentifier>{da3620ff-2e5b-47e7-9c27-7d215fec41ae}</UniqueIdentifier>
    </Filter>
    <Filter Include="Файлы заголовков\DeclarativeClasses\Functions">
      <UniqueIdentifier>{42734d0c-afe4-4db2-8662-9953837d4d60}</UniqueIdentifier>
    </Filter>
    <Filter Include="Файлы заголовков\DeclarativeClasses\Functions\ResizeFunctions">
      <UniqueIdentifier>{0103a81f-a916-4cd0-a67c-068fe874cf0b}</UniqueIdentifier>
    </Filter>
    <Filter Include="Файлы заголовков\DeclarativeClasses\TypeDefs">
      <UniqueIdentifier>{0a7d2da8-9254-49e8-baaa-9f3e6c219806}</UniqueIdentifier>
    </Filter>
    <Filter Include="Исходные файлы\DeclarativeClasses\Table">
      <UniqueIdentifier>{5434a3fb-c53b-4b29-a33c-ac027b5e081d}</UniqueIdentifier>
    </Filter>
    <Filter Include="Файлы заголовков\DeclarativeClasses\Table">
      <UniqueIdentifier>{d98aeead-8e75-4bd9-a5bb-ecdac6c5af50}</UniqueIdentifier>
    </Filter>
  </ItemGroup>
  <ItemGroup>
    <ClInclude Include="framework.h">
      <Filter>Файлы заголовков</Filter>
    </ClInclude>
    <ClInclude Include="targetver.h">
      <Filter>Файлы заголовков</Filter>
    </ClInclude>
    <ClInclude Include="Resource.h">
      <Filter>Файлы заголовков</Filter>
    </ClInclude>
    <ClInclude Include="Timer.h">
      <Filter>Файлы заголовков</Filter>
    </ClInclude>
    <ClInclude Include="Circle.h">
      <Filter>Файлы заголовков\GraphicClasses</Filter>
    </ClInclude>
    <ClInclude Include="Clock.h">
      <Filter>Файлы заголовков\GraphicClasses\Clock</Filter>
    </ClInclude>
    <ClInclude Include="Form.h">
      <Filter>Файлы заголовков\DeclarativeClasses</Filter>
    </ClInclude>
    <ClInclude Include="AForm.h">
      <Filter>Файлы заголовков\DeclarativeClasses</Filter>
    </ClInclude>
    <ClInclude Include="ControlForm.h">
      <Filter>Файлы заголовков\DeclarativeClasses</Filter>
    </ClInclude>
    <ClInclude Include="ResizeFunctions.h">
      <Filter>Файлы заголовков\DeclarativeClasses\Functions\ResizeFunctions</Filter>
    </ClInclude>
    <ClInclude Include="Types.h">
      <Filter>Файлы заголовков\DeclarativeClasses\TypeDefs</Filter>
    </ClInclude>
    <ClInclude Include="ATable.h">
      <Filter>Файлы заголовков\DeclarativeClasses\Table</Filter>
    </ClInclude>
    <ClInclude Include="CreateWindowArgs.h">
      <Filter>Файлы заголовков</Filter>
    </ClInclude>
    <ClInclude Include="DirectionOfCells.h">
      <Filter>Файлы заголовков\DeclarativeClasses\Table</Filter>
    </ClInclude>
    <ClInclude Include="Functions.h">
      <Filter>Файлы заголовков</Filter>
    </ClInclude>
    <ClInclude Include="AddTable.h">
      <Filter>Файлы заголовков\DeclarativeClasses\Table</Filter>
    </ClInclude>
    <ClInclude Include="EditWindowStruct.h">
      <Filter>Файлы заголовков</Filter>
    </ClInclude>
  </ItemGroup>
  <ItemGroup>
    <ClCompile Include="Timer.cpp">
      <Filter>Исходные файлы</Filter>
    </ClCompile>
    <ClCompile Include="Circle.cpp">
      <Filter>Исходные файлы\GraphicClasses</Filter>
    </ClCompile>
    <ClCompile Include="Clock.cpp">
      <Filter>Исходные файлы\GraphicClasses\Clock</Filter>
    </ClCompile>
    <ClCompile Include="Form.cpp">
      <Filter>Исходные файлы\DeclarativeClasses\Form</Filter>
    </ClCompile>
    <ClCompile Include="ControlForm.cpp">
      <Filter>Исходные файлы\DeclarativeClasses\Form</Filter>
    </ClCompile>
    <ClCompile Include="ResizeFunctions.cpp">
      <Filter>Исходные файлы\DeclarativeClasses\Form</Filter>
    </ClCompile>
    <ClCompile Include="ATable.cpp">
      <Filter>Исходные файлы\DeclarativeClasses\Table</Filter>
    </ClCompile>
    <ClCompile Include="AddTable.cpp">
      <Filter>Исходные файлы\DeclarativeClasses\Table</Filter>
    </ClCompile>
  </ItemGroup>
  <ItemGroup>
    <ResourceCompile Include="Timer.rc">
      <Filter>Файлы ресурсов</Filter>
    </ResourceCompile>
  </ItemGroup>
  <ItemGroup>
    <Image Include="small.ico">
      <Filter>Файлы ресурсов</Filter>
    </Image>
    <Image Include="Timer.ico">
      <Filter>Файлы ресурсов</Filter>
    </Image>
    <Image Include="TimerIcon.ico">
      <Filter>Файлы ресурсов</Filter>
    </Image>
  </ItemGroup>
</Project>